
Microsoft Visual Studio Solution File, Format Version 12.00
# Visual Studio 15
VisualStudioVersion = 15.0.27428.2043
MinimumVisualStudioVersion = 10.0.40219.1
Project("{2150E333-8FDC-42A3-9474-1A3956D46DE8}") = "Solution Items", "Solution Items", "{5A7856B1-EDDF-4A41-85B5-6575D6ABD205}"
	ProjectSection(SolutionItems) = preProject
		CreateDatabaseScript.sql = CreateDatabaseScript.sql
		README.md = README.md
	EndProjectSection
EndProject
Project("{FAE04EC0-301F-11D3-BF4B-00C04F79EFBC}") = "VirventSysLogServer", "VirventSysLogServer\VirventSysLogServer.csproj", "{CC2D1B36-C0C4-4ADC-8DDF-513099028A60}"
EndProject
Project("{FAE04EC0-301F-11D3-BF4B-00C04F79EFBC}") = "VirventSysLogConsole", "VirventSysLogConsole\VirventSysLogConsole.csproj", "{750B79A7-A3BF-4185-B9B4-BD2BF4F15966}"
EndProject
Project("{FAE04EC0-301F-11D3-BF4B-00C04F79EFBC}") = "VirventSysLogServerEngine", "VirventSysLogServerEngine\VirventSysLogServerEngine.csproj", "{350AD3C5-D418-47CB-8850-E8ED62292636}"
EndProject
Project("{FAE04EC0-301F-11D3-BF4B-00C04F79EFBC}") = "SnortPlugin", "SnortPlugin\SnortPlugin.csproj", "{8A816C59-243E-4E50-BFB6-7F611B886326}"
EndProject
Project("{FAE04EC0-301F-11D3-BF4B-00C04F79EFBC}") = "ProcessCheckerPlugin", "ProcessCheckerPlugin\ProcessCheckerPlugin.csproj", "{CFA5403F-39A1-4CE2-A8A1-360CC7F3B9A0}"
EndProject
Project("{FAE04EC0-301F-11D3-BF4B-00C04F79EFBC}") = "VirventPluginContract", "VirventPluginContract\VirventPluginContract.csproj", "{423B5303-BE03-4DE5-AD51-51893FF2A255}"
EndProject
Project("{FAE04EC0-301F-11D3-BF4B-00C04F79EFBC}") = "URLRewritePlugin", "URLRewritePlugin\URLRewritePlugin.csproj", "{71B8AF7A-A025-4282-9805-D72820361DF6}"
EndProject
Project("{FAE04EC0-301F-11D3-BF4B-00C04F79EFBC}") = "WindowsFirewallAutoRulePlugin", "WindowsFirewallAutoRulePlugin\WindowsFirewallAutoRulePlugin.csproj", "{040577BC-BCC3-4CBE-BCA0-027B453FD0F5}"
EndProject
Project("{2150E333-8FDC-42A3-9474-1A3956D46DE8}") = "Plugins", "Plugins", "{751F2C05-ACFC-4C50-A602-378EA434E68B}"
EndProject
Project("{FAE04EC0-301F-11D3-BF4B-00C04F79EFBC}") = "SOC2GitHubProcedureScheduler", "SOC2GitHubProcedureScheduler\SOC2GitHubProcedureScheduler.csproj", "{F152C362-B64D-4FEA-B696-D1E9517B8D71}"
EndProject
Global
	GlobalSection(SolutionConfigurationPlatforms) = preSolution
		CD_ROM|Any CPU = CD_ROM|Any CPU
		CD_ROM|Mixed Platforms = CD_ROM|Mixed Platforms
		CD_ROM|x86 = CD_ROM|x86
		Debug|Any CPU = Debug|Any CPU
		Debug|Mixed Platforms = Debug|Mixed Platforms
		Debug|x86 = Debug|x86
		DVD-5|Any CPU = DVD-5|Any CPU
		DVD-5|Mixed Platforms = DVD-5|Mixed Platforms
		DVD-5|x86 = DVD-5|x86
		Release|Any CPU = Release|Any CPU
		Release|Mixed Platforms = Release|Mixed Platforms
		Release|x86 = Release|x86
		SingleImage|Any CPU = SingleImage|Any CPU
		SingleImage|Mixed Platforms = SingleImage|Mixed Platforms
		SingleImage|x86 = SingleImage|x86
	EndGlobalSection
	GlobalSection(ProjectConfigurationPlatforms) = postSolution
		{CC2D1B36-C0C4-4ADC-8DDF-513099028A60}.CD_ROM|Any CPU.ActiveCfg = Release|Any CPU
		{CC2D1B36-C0C4-4ADC-8DDF-513099028A60}.CD_ROM|Any CPU.Build.0 = Release|Any CPU
		{CC2D1B36-C0C4-4ADC-8DDF-513099028A60}.CD_ROM|Mixed Platforms.ActiveCfg = Release|Any CPU
		{CC2D1B36-C0C4-4ADC-8DDF-513099028A60}.CD_ROM|Mixed Platforms.Build.0 = Release|Any CPU
		{CC2D1B36-C0C4-4ADC-8DDF-513099028A60}.CD_ROM|x86.ActiveCfg = Release|Any CPU
		{CC2D1B36-C0C4-4ADC-8DDF-513099028A60}.Debug|Any CPU.ActiveCfg = Debug|Any CPU
		{CC2D1B36-C0C4-4ADC-8DDF-513099028A60}.Debug|Any CPU.Build.0 = Debug|Any CPU
		{CC2D1B36-C0C4-4ADC-8DDF-513099028A60}.Debug|Mixed Platforms.ActiveCfg = Debug|Any CPU
		{CC2D1B36-C0C4-4ADC-8DDF-513099028A60}.Debug|Mixed Platforms.Build.0 = Debug|Any CPU
		{CC2D1B36-C0C4-4ADC-8DDF-513099028A60}.Debug|x86.ActiveCfg = Debug|Any CPU
		{CC2D1B36-C0C4-4ADC-8DDF-513099028A60}.DVD-5|Any CPU.ActiveCfg = Debug|Any CPU
		{CC2D1B36-C0C4-4ADC-8DDF-513099028A60}.DVD-5|Any CPU.Build.0 = Debug|Any CPU
		{CC2D1B36-C0C4-4ADC-8DDF-513099028A60}.DVD-5|Mixed Platforms.ActiveCfg = Debug|Any CPU
		{CC2D1B36-C0C4-4ADC-8DDF-513099028A60}.DVD-5|Mixed Platforms.Build.0 = Debug|Any CPU
		{CC2D1B36-C0C4-4ADC-8DDF-513099028A60}.DVD-5|x86.ActiveCfg = Debug|Any CPU
		{CC2D1B36-C0C4-4ADC-8DDF-513099028A60}.Release|Any CPU.ActiveCfg = Release|Any CPU
		{CC2D1B36-C0C4-4ADC-8DDF-513099028A60}.Release|Any CPU.Build.0 = Release|Any CPU
		{CC2D1B36-C0C4-4ADC-8DDF-513099028A60}.Release|Mixed Platforms.ActiveCfg = Release|Any CPU
		{CC2D1B36-C0C4-4ADC-8DDF-513099028A60}.Release|Mixed Platforms.Build.0 = Release|Any CPU
		{CC2D1B36-C0C4-4ADC-8DDF-513099028A60}.Release|x86.ActiveCfg = Release|Any CPU
		{CC2D1B36-C0C4-4ADC-8DDF-513099028A60}.SingleImage|Any CPU.ActiveCfg = Release|Any CPU
		{CC2D1B36-C0C4-4ADC-8DDF-513099028A60}.SingleImage|Any CPU.Build.0 = Release|Any CPU
		{CC2D1B36-C0C4-4ADC-8DDF-513099028A60}.SingleImage|Mixed Platforms.ActiveCfg = Release|Any CPU
		{CC2D1B36-C0C4-4ADC-8DDF-513099028A60}.SingleImage|Mixed Platforms.Build.0 = Release|Any CPU
		{CC2D1B36-C0C4-4ADC-8DDF-513099028A60}.SingleImage|x86.ActiveCfg = Release|Any CPU
		{750B79A7-A3BF-4185-B9B4-BD2BF4F15966}.CD_ROM|Any CPU.ActiveCfg = Release|Any CPU
		{750B79A7-A3BF-4185-B9B4-BD2BF4F15966}.CD_ROM|Any CPU.Build.0 = Release|Any CPU
		{750B79A7-A3BF-4185-B9B4-BD2BF4F15966}.CD_ROM|Mixed Platforms.ActiveCfg = Release|Any CPU
		{750B79A7-A3BF-4185-B9B4-BD2BF4F15966}.CD_ROM|Mixed Platforms.Build.0 = Release|Any CPU
		{750B79A7-A3BF-4185-B9B4-BD2BF4F15966}.CD_ROM|x86.ActiveCfg = Release|Any CPU
		{750B79A7-A3BF-4185-B9B4-BD2BF4F15966}.CD_ROM|x86.Build.0 = Release|Any CPU
		{750B79A7-A3BF-4185-B9B4-BD2BF4F15966}.Debug|Any CPU.ActiveCfg = Debug|Any CPU
		{750B79A7-A3BF-4185-B9B4-BD2BF4F15966}.Debug|Any CPU.Build.0 = Debug|Any CPU
		{750B79A7-A3BF-4185-B9B4-BD2BF4F15966}.Debug|Mixed Platforms.ActiveCfg = Debug|Any CPU
		{750B79A7-A3BF-4185-B9B4-BD2BF4F15966}.Debug|Mixed Platforms.Build.0 = Debug|Any CPU
		{750B79A7-A3BF-4185-B9B4-BD2BF4F15966}.Debug|x86.ActiveCfg = Debug|Any CPU
		{750B79A7-A3BF-4185-B9B4-BD2BF4F15966}.Debug|x86.Build.0 = Debug|Any CPU
		{750B79A7-A3BF-4185-B9B4-BD2BF4F15966}.DVD-5|Any CPU.ActiveCfg = Debug|Any CPU
		{750B79A7-A3BF-4185-B9B4-BD2BF4F15966}.DVD-5|Any CPU.Build.0 = Debug|Any CPU
		{750B79A7-A3BF-4185-B9B4-BD2BF4F15966}.DVD-5|Mixed Platforms.ActiveCfg = Debug|Any CPU
		{750B79A7-A3BF-4185-B9B4-BD2BF4F15966}.DVD-5|Mixed Platforms.Build.0 = Debug|Any CPU
		{750B79A7-A3BF-4185-B9B4-BD2BF4F15966}.DVD-5|x86.ActiveCfg = Debug|Any CPU
		{750B79A7-A3BF-4185-B9B4-BD2BF4F15966}.DVD-5|x86.Build.0 = Debug|Any CPU
		{750B79A7-A3BF-4185-B9B4-BD2BF4F15966}.Release|Any CPU.ActiveCfg = Release|Any CPU
		{750B79A7-A3BF-4185-B9B4-BD2BF4F15966}.Release|Any CPU.Build.0 = Release|Any CPU
		{750B79A7-A3BF-4185-B9B4-BD2BF4F15966}.Release|Mixed Platforms.ActiveCfg = Release|Any CPU
		{750B79A7-A3BF-4185-B9B4-BD2BF4F15966}.Release|Mixed Platforms.Build.0 = Release|Any CPU
		{750B79A7-A3BF-4185-B9B4-BD2BF4F15966}.Release|x86.ActiveCfg = Release|Any CPU
		{750B79A7-A3BF-4185-B9B4-BD2BF4F15966}.Release|x86.Build.0 = Release|Any CPU
		{750B79A7-A3BF-4185-B9B4-BD2BF4F15966}.SingleImage|Any CPU.ActiveCfg = Release|Any CPU
		{750B79A7-A3BF-4185-B9B4-BD2BF4F15966}.SingleImage|Any CPU.Build.0 = Release|Any CPU
		{750B79A7-A3BF-4185-B9B4-BD2BF4F15966}.SingleImage|Mixed Platforms.ActiveCfg = Release|Any CPU
		{750B79A7-A3BF-4185-B9B4-BD2BF4F15966}.SingleImage|Mixed Platforms.Build.0 = Release|Any CPU
		{750B79A7-A3BF-4185-B9B4-BD2BF4F15966}.SingleImage|x86.ActiveCfg = Release|Any CPU
		{750B79A7-A3BF-4185-B9B4-BD2BF4F15966}.SingleImage|x86.Build.0 = Release|Any CPU
		{350AD3C5-D418-47CB-8850-E8ED62292636}.CD_ROM|Any CPU.ActiveCfg = Release|Any CPU
		{350AD3C5-D418-47CB-8850-E8ED62292636}.CD_ROM|Any CPU.Build.0 = Release|Any CPU
		{350AD3C5-D418-47CB-8850-E8ED62292636}.CD_ROM|Mixed Platforms.ActiveCfg = Release|Any CPU
		{350AD3C5-D418-47CB-8850-E8ED62292636}.CD_ROM|Mixed Platforms.Build.0 = Release|Any CPU
		{350AD3C5-D418-47CB-8850-E8ED62292636}.CD_ROM|x86.ActiveCfg = Release|Any CPU
		{350AD3C5-D418-47CB-8850-E8ED62292636}.CD_ROM|x86.Build.0 = Release|Any CPU
		{350AD3C5-D418-47CB-8850-E8ED62292636}.Debug|Any CPU.ActiveCfg = Debug|Any CPU
		{350AD3C5-D418-47CB-8850-E8ED62292636}.Debug|Any CPU.Build.0 = Debug|Any CPU
		{350AD3C5-D418-47CB-8850-E8ED62292636}.Debug|Mixed Platforms.ActiveCfg = Debug|Any CPU
		{350AD3C5-D418-47CB-8850-E8ED62292636}.Debug|Mixed Platforms.Build.0 = Debug|Any CPU
		{350AD3C5-D418-47CB-8850-E8ED62292636}.Debug|x86.ActiveCfg = Debug|Any CPU
		{350AD3C5-D418-47CB-8850-E8ED62292636}.Debug|x86.Build.0 = Debug|Any CPU
		{350AD3C5-D418-47CB-8850-E8ED62292636}.DVD-5|Any CPU.ActiveCfg = Debug|Any CPU
		{350AD3C5-D418-47CB-8850-E8ED62292636}.DVD-5|Any CPU.Build.0 = Debug|Any CPU
		{350AD3C5-D418-47CB-8850-E8ED62292636}.DVD-5|Mixed Platforms.ActiveCfg = Debug|Any CPU
		{350AD3C5-D418-47CB-8850-E8ED62292636}.DVD-5|Mixed Platforms.Build.0 = Debug|Any CPU
		{350AD3C5-D418-47CB-8850-E8ED62292636}.DVD-5|x86.ActiveCfg = Debug|Any CPU
		{350AD3C5-D418-47CB-8850-E8ED62292636}.DVD-5|x86.Build.0 = Debug|Any CPU
		{350AD3C5-D418-47CB-8850-E8ED62292636}.Release|Any CPU.ActiveCfg = Release|Any CPU
		{350AD3C5-D418-47CB-8850-E8ED62292636}.Release|Any CPU.Build.0 = Release|Any CPU
		{350AD3C5-D418-47CB-8850-E8ED62292636}.Release|Mixed Platforms.ActiveCfg = Release|Any CPU
		{350AD3C5-D418-47CB-8850-E8ED62292636}.Release|Mixed Platforms.Build.0 = Release|Any CPU
		{350AD3C5-D418-47CB-8850-E8ED62292636}.Release|x86.ActiveCfg = Release|Any CPU
		{350AD3C5-D418-47CB-8850-E8ED62292636}.Release|x86.Build.0 = Release|Any CPU
		{350AD3C5-D418-47CB-8850-E8ED62292636}.SingleImage|Any CPU.ActiveCfg = Release|Any CPU
		{350AD3C5-D418-47CB-8850-E8ED62292636}.SingleImage|Any CPU.Build.0 = Release|Any CPU
		{350AD3C5-D418-47CB-8850-E8ED62292636}.SingleImage|Mixed Platforms.ActiveCfg = Release|Any CPU
		{350AD3C5-D418-47CB-8850-E8ED62292636}.SingleImage|Mixed Platforms.Build.0 = Release|Any CPU
		{350AD3C5-D418-47CB-8850-E8ED62292636}.SingleImage|x86.ActiveCfg = Release|Any CPU
		{350AD3C5-D418-47CB-8850-E8ED62292636}.SingleImage|x86.Build.0 = Release|Any CPU
		{8A816C59-243E-4E50-BFB6-7F611B886326}.CD_ROM|Any CPU.ActiveCfg = Release|Any CPU
		{8A816C59-243E-4E50-BFB6-7F611B886326}.CD_ROM|Any CPU.Build.0 = Release|Any CPU
		{8A816C59-243E-4E50-BFB6-7F611B886326}.CD_ROM|Mixed Platforms.ActiveCfg = Release|Any CPU
		{8A816C59-243E-4E50-BFB6-7F611B886326}.CD_ROM|Mixed Platforms.Build.0 = Release|Any CPU
		{8A816C59-243E-4E50-BFB6-7F611B886326}.CD_ROM|x86.ActiveCfg = Release|Any CPU
		{8A816C59-243E-4E50-BFB6-7F611B886326}.CD_ROM|x86.Build.0 = Release|Any CPU
		{8A816C59-243E-4E50-BFB6-7F611B886326}.Debug|Any CPU.ActiveCfg = Debug|Any CPU
		{8A816C59-243E-4E50-BFB6-7F611B886326}.Debug|Any CPU.Build.0 = Debug|Any CPU
		{8A816C59-243E-4E50-BFB6-7F611B886326}.Debug|Mixed Platforms.ActiveCfg = Debug|Any CPU
		{8A816C59-243E-4E50-BFB6-7F611B886326}.Debug|Mixed Platforms.Build.0 = Debug|Any CPU
		{8A816C59-243E-4E50-BFB6-7F611B886326}.Debug|x86.ActiveCfg = Debug|Any CPU
		{8A816C59-243E-4E50-BFB6-7F611B886326}.Debug|x86.Build.0 = Debug|Any CPU
		{8A816C59-243E-4E50-BFB6-7F611B886326}.DVD-5|Any CPU.ActiveCfg = Debug|Any CPU
		{8A816C59-243E-4E50-BFB6-7F611B886326}.DVD-5|Any CPU.Build.0 = Debug|Any CPU
		{8A816C59-243E-4E50-BFB6-7F611B886326}.DVD-5|Mixed Platforms.ActiveCfg = Debug|Any CPU
		{8A816C59-243E-4E50-BFB6-7F611B886326}.DVD-5|Mixed Platforms.Build.0 = Debug|Any CPU
		{8A816C59-243E-4E50-BFB6-7F611B886326}.DVD-5|x86.ActiveCfg = Debug|Any CPU
		{8A816C59-243E-4E50-BFB6-7F611B886326}.DVD-5|x86.Build.0 = Debug|Any CPU
		{8A816C59-243E-4E50-BFB6-7F611B886326}.Release|Any CPU.ActiveCfg = Release|Any CPU
		{8A816C59-243E-4E50-BFB6-7F611B886326}.Release|Any CPU.Build.0 = Release|Any CPU
		{8A816C59-243E-4E50-BFB6-7F611B886326}.Release|Mixed Platforms.ActiveCfg = Release|Any CPU
		{8A816C59-243E-4E50-BFB6-7F611B886326}.Release|Mixed Platforms.Build.0 = Release|Any CPU
		{8A816C59-243E-4E50-BFB6-7F611B886326}.Release|x86.ActiveCfg = Release|Any CPU
		{8A816C59-243E-4E50-BFB6-7F611B886326}.Release|x86.Build.0 = Release|Any CPU
		{8A816C59-243E-4E50-BFB6-7F611B886326}.SingleImage|Any CPU.ActiveCfg = Release|Any CPU
		{8A816C59-243E-4E50-BFB6-7F611B886326}.SingleImage|Any CPU.Build.0 = Release|Any CPU
		{8A816C59-243E-4E50-BFB6-7F611B886326}.SingleImage|Mixed Platforms.ActiveCfg = Release|Any CPU
		{8A816C59-243E-4E50-BFB6-7F611B886326}.SingleImage|Mixed Platforms.Build.0 = Release|Any CPU
		{8A816C59-243E-4E50-BFB6-7F611B886326}.SingleImage|x86.ActiveCfg = Release|Any CPU
		{8A816C59-243E-4E50-BFB6-7F611B886326}.SingleImage|x86.Build.0 = Release|Any CPU
		{CFA5403F-39A1-4CE2-A8A1-360CC7F3B9A0}.CD_ROM|Any CPU.ActiveCfg = Release|Any CPU
		{CFA5403F-39A1-4CE2-A8A1-360CC7F3B9A0}.CD_ROM|Any CPU.Build.0 = Release|Any CPU
		{CFA5403F-39A1-4CE2-A8A1-360CC7F3B9A0}.CD_ROM|Mixed Platforms.ActiveCfg = Release|Any CPU
		{CFA5403F-39A1-4CE2-A8A1-360CC7F3B9A0}.CD_ROM|Mixed Platforms.Build.0 = Release|Any CPU
		{CFA5403F-39A1-4CE2-A8A1-360CC7F3B9A0}.CD_ROM|x86.ActiveCfg = Release|Any CPU
		{CFA5403F-39A1-4CE2-A8A1-360CC7F3B9A0}.CD_ROM|x86.Build.0 = Release|Any CPU
		{CFA5403F-39A1-4CE2-A8A1-360CC7F3B9A0}.Debug|Any CPU.ActiveCfg = Debug|Any CPU
		{CFA5403F-39A1-4CE2-A8A1-360CC7F3B9A0}.Debug|Any CPU.Build.0 = Debug|Any CPU
		{CFA5403F-39A1-4CE2-A8A1-360CC7F3B9A0}.Debug|Mixed Platforms.ActiveCfg = Debug|Any CPU
		{CFA5403F-39A1-4CE2-A8A1-360CC7F3B9A0}.Debug|Mixed Platforms.Build.0 = Debug|Any CPU
		{CFA5403F-39A1-4CE2-A8A1-360CC7F3B9A0}.Debug|x86.ActiveCfg = Debug|Any CPU
		{CFA5403F-39A1-4CE2-A8A1-360CC7F3B9A0}.Debug|x86.Build.0 = Debug|Any CPU
		{CFA5403F-39A1-4CE2-A8A1-360CC7F3B9A0}.DVD-5|Any CPU.ActiveCfg = Debug|Any CPU
		{CFA5403F-39A1-4CE2-A8A1-360CC7F3B9A0}.DVD-5|Any CPU.Build.0 = Debug|Any CPU
		{CFA5403F-39A1-4CE2-A8A1-360CC7F3B9A0}.DVD-5|Mixed Platforms.ActiveCfg = Debug|Any CPU
		{CFA5403F-39A1-4CE2-A8A1-360CC7F3B9A0}.DVD-5|Mixed Platforms.Build.0 = Debug|Any CPU
		{CFA5403F-39A1-4CE2-A8A1-360CC7F3B9A0}.DVD-5|x86.ActiveCfg = Debug|Any CPU
		{CFA5403F-39A1-4CE2-A8A1-360CC7F3B9A0}.DVD-5|x86.Build.0 = Debug|Any CPU
		{CFA5403F-39A1-4CE2-A8A1-360CC7F3B9A0}.Release|Any CPU.ActiveCfg = Release|Any CPU
		{CFA5403F-39A1-4CE2-A8A1-360CC7F3B9A0}.Release|Any CPU.Build.0 = Release|Any CPU
		{CFA5403F-39A1-4CE2-A8A1-360CC7F3B9A0}.Release|Mixed Platforms.ActiveCfg = Release|Any CPU
		{CFA5403F-39A1-4CE2-A8A1-360CC7F3B9A0}.Release|Mixed Platforms.Build.0 = Release|Any CPU
		{CFA5403F-39A1-4CE2-A8A1-360CC7F3B9A0}.Release|x86.ActiveCfg = Release|Any CPU
		{CFA5403F-39A1-4CE2-A8A1-360CC7F3B9A0}.Release|x86.Build.0 = Release|Any CPU
		{CFA5403F-39A1-4CE2-A8A1-360CC7F3B9A0}.SingleImage|Any CPU.ActiveCfg = Release|Any CPU
		{CFA5403F-39A1-4CE2-A8A1-360CC7F3B9A0}.SingleImage|Any CPU.Build.0 = Release|Any CPU
		{CFA5403F-39A1-4CE2-A8A1-360CC7F3B9A0}.SingleImage|Mixed Platforms.ActiveCfg = Release|Any CPU
		{CFA5403F-39A1-4CE2-A8A1-360CC7F3B9A0}.SingleImage|Mixed Platforms.Build.0 = Release|Any CPU
		{CFA5403F-39A1-4CE2-A8A1-360CC7F3B9A0}.SingleImage|x86.ActiveCfg = Release|Any CPU
		{CFA5403F-39A1-4CE2-A8A1-360CC7F3B9A0}.SingleImage|x86.Build.0 = Release|Any CPU
		{423B5303-BE03-4DE5-AD51-51893FF2A255}.CD_ROM|Any CPU.ActiveCfg = Release|Any CPU
		{423B5303-BE03-4DE5-AD51-51893FF2A255}.CD_ROM|Any CPU.Build.0 = Release|Any CPU
		{423B5303-BE03-4DE5-AD51-51893FF2A255}.CD_ROM|Mixed Platforms.ActiveCfg = Release|Any CPU
		{423B5303-BE03-4DE5-AD51-51893FF2A255}.CD_ROM|Mixed Platforms.Build.0 = Release|Any CPU
		{423B5303-BE03-4DE5-AD51-51893FF2A255}.CD_ROM|x86.ActiveCfg = Release|Any CPU
		{423B5303-BE03-4DE5-AD51-51893FF2A255}.CD_ROM|x86.Build.0 = Release|Any CPU
		{423B5303-BE03-4DE5-AD51-51893FF2A255}.Debug|Any CPU.ActiveCfg = Debug|Any CPU
		{423B5303-BE03-4DE5-AD51-51893FF2A255}.Debug|Any CPU.Build.0 = Debug|Any CPU
		{423B5303-BE03-4DE5-AD51-51893FF2A255}.Debug|Mixed Platforms.ActiveCfg = Debug|Any CPU
		{423B5303-BE03-4DE5-AD51-51893FF2A255}.Debug|Mixed Platforms.Build.0 = Debug|Any CPU
		{423B5303-BE03-4DE5-AD51-51893FF2A255}.Debug|x86.ActiveCfg = Debug|Any CPU
		{423B5303-BE03-4DE5-AD51-51893FF2A255}.Debug|x86.Build.0 = Debug|Any CPU
		{423B5303-BE03-4DE5-AD51-51893FF2A255}.DVD-5|Any CPU.ActiveCfg = Debug|Any CPU
		{423B5303-BE03-4DE5-AD51-51893FF2A255}.DVD-5|Any CPU.Build.0 = Debug|Any CPU
		{423B5303-BE03-4DE5-AD51-51893FF2A255}.DVD-5|Mixed Platforms.ActiveCfg = Debug|Any CPU
		{423B5303-BE03-4DE5-AD51-51893FF2A255}.DVD-5|Mixed Platforms.Build.0 = Debug|Any CPU
		{423B5303-BE03-4DE5-AD51-51893FF2A255}.DVD-5|x86.ActiveCfg = Debug|Any CPU
		{423B5303-BE03-4DE5-AD51-51893FF2A255}.DVD-5|x86.Build.0 = Debug|Any CPU
		{423B5303-BE03-4DE5-AD51-51893FF2A255}.Release|Any CPU.ActiveCfg = Release|Any CPU
		{423B5303-BE03-4DE5-AD51-51893FF2A255}.Release|Any CPU.Build.0 = Release|Any CPU
		{423B5303-BE03-4DE5-AD51-51893FF2A255}.Release|Mixed Platforms.ActiveCfg = Release|Any CPU
		{423B5303-BE03-4DE5-AD51-51893FF2A255}.Release|Mixed Platforms.Build.0 = Release|Any CPU
		{423B5303-BE03-4DE5-AD51-51893FF2A255}.Release|x86.ActiveCfg = Release|Any CPU
		{423B5303-BE03-4DE5-AD51-51893FF2A255}.Release|x86.Build.0 = Release|Any CPU
		{423B5303-BE03-4DE5-AD51-51893FF2A255}.SingleImage|Any CPU.ActiveCfg = Release|Any CPU
		{423B5303-BE03-4DE5-AD51-51893FF2A255}.SingleImage|Any CPU.Build.0 = Release|Any CPU
		{423B5303-BE03-4DE5-AD51-51893FF2A255}.SingleImage|Mixed Platforms.ActiveCfg = Release|Any CPU
		{423B5303-BE03-4DE5-AD51-51893FF2A255}.SingleImage|Mixed Platforms.Build.0 = Release|Any CPU
		{423B5303-BE03-4DE5-AD51-51893FF2A255}.SingleImage|x86.ActiveCfg = Release|Any CPU
		{423B5303-BE03-4DE5-AD51-51893FF2A255}.SingleImage|x86.Build.0 = Release|Any CPU
		{71B8AF7A-A025-4282-9805-D72820361DF6}.CD_ROM|Any CPU.ActiveCfg = Release|Any CPU
		{71B8AF7A-A025-4282-9805-D72820361DF6}.CD_ROM|Any CPU.Build.0 = Release|Any CPU
		{71B8AF7A-A025-4282-9805-D72820361DF6}.CD_ROM|Mixed Platforms.ActiveCfg = Release|Any CPU
		{71B8AF7A-A025-4282-9805-D72820361DF6}.CD_ROM|Mixed Platforms.Build.0 = Release|Any CPU
		{71B8AF7A-A025-4282-9805-D72820361DF6}.CD_ROM|x86.ActiveCfg = Release|Any CPU
		{71B8AF7A-A025-4282-9805-D72820361DF6}.CD_ROM|x86.Build.0 = Release|Any CPU
		{71B8AF7A-A025-4282-9805-D72820361DF6}.Debug|Any CPU.ActiveCfg = Debug|Any CPU
		{71B8AF7A-A025-4282-9805-D72820361DF6}.Debug|Any CPU.Build.0 = Debug|Any CPU
		{71B8AF7A-A025-4282-9805-D72820361DF6}.Debug|Mixed Platforms.ActiveCfg = Debug|Any CPU
		{71B8AF7A-A025-4282-9805-D72820361DF6}.Debug|Mixed Platforms.Build.0 = Debug|Any CPU
		{71B8AF7A-A025-4282-9805-D72820361DF6}.Debug|x86.ActiveCfg = Debug|Any CPU
		{71B8AF7A-A025-4282-9805-D72820361DF6}.Debug|x86.Build.0 = Debug|Any CPU
		{71B8AF7A-A025-4282-9805-D72820361DF6}.DVD-5|Any CPU.ActiveCfg = Debug|Any CPU
		{71B8AF7A-A025-4282-9805-D72820361DF6}.DVD-5|Any CPU.Build.0 = Debug|Any CPU
		{71B8AF7A-A025-4282-9805-D72820361DF6}.DVD-5|Mixed Platforms.ActiveCfg = Debug|Any CPU
		{71B8AF7A-A025-4282-9805-D72820361DF6}.DVD-5|Mixed Platforms.Build.0 = Debug|Any CPU
		{71B8AF7A-A025-4282-9805-D72820361DF6}.DVD-5|x86.ActiveCfg = Debug|Any CPU
		{71B8AF7A-A025-4282-9805-D72820361DF6}.DVD-5|x86.Build.0 = Debug|Any CPU
		{71B8AF7A-A025-4282-9805-D72820361DF6}.Release|Any CPU.ActiveCfg = Release|Any CPU
		{71B8AF7A-A025-4282-9805-D72820361DF6}.Release|Any CPU.Build.0 = Release|Any CPU
		{71B8AF7A-A025-4282-9805-D72820361DF6}.Release|Mixed Platforms.ActiveCfg = Release|Any CPU
		{71B8AF7A-A025-4282-9805-D72820361DF6}.Release|Mixed Platforms.Build.0 = Release|Any CPU
		{71B8AF7A-A025-4282-9805-D72820361DF6}.Release|x86.ActiveCfg = Release|Any CPU
		{71B8AF7A-A025-4282-9805-D72820361DF6}.Release|x86.Build.0 = Release|Any CPU
		{71B8AF7A-A025-4282-9805-D72820361DF6}.SingleImage|Any CPU.ActiveCfg = Release|Any CPU
		{71B8AF7A-A025-4282-9805-D72820361DF6}.SingleImage|Any CPU.Build.0 = Release|Any CPU
		{71B8AF7A-A025-4282-9805-D72820361DF6}.SingleImage|Mixed Platforms.ActiveCfg = Release|Any CPU
		{71B8AF7A-A025-4282-9805-D72820361DF6}.SingleImage|Mixed Platforms.Build.0 = Release|Any CPU
		{71B8AF7A-A025-4282-9805-D72820361DF6}.SingleImage|x86.ActiveCfg = Release|Any CPU
		{71B8AF7A-A025-4282-9805-D72820361DF6}.SingleImage|x86.Build.0 = Release|Any CPU
		{040577BC-BCC3-4CBE-BCA0-027B453FD0F5}.CD_ROM|Any CPU.ActiveCfg = Release|Any CPU
		{040577BC-BCC3-4CBE-BCA0-027B453FD0F5}.CD_ROM|Any CPU.Build.0 = Release|Any CPU
		{040577BC-BCC3-4CBE-BCA0-027B453FD0F5}.CD_ROM|Mixed Platforms.ActiveCfg = Release|Any CPU
		{040577BC-BCC3-4CBE-BCA0-027B453FD0F5}.CD_ROM|Mixed Platforms.Build.0 = Release|Any CPU
		{040577BC-BCC3-4CBE-BCA0-027B453FD0F5}.CD_ROM|x86.ActiveCfg = Release|Any CPU
		{040577BC-BCC3-4CBE-BCA0-027B453FD0F5}.CD_ROM|x86.Build.0 = Release|Any CPU
		{040577BC-BCC3-4CBE-BCA0-027B453FD0F5}.Debug|Any CPU.ActiveCfg = Debug|Any CPU
		{040577BC-BCC3-4CBE-BCA0-027B453FD0F5}.Debug|Any CPU.Build.0 = Debug|Any CPU
		{040577BC-BCC3-4CBE-BCA0-027B453FD0F5}.Debug|Mixed Platforms.ActiveCfg = Debug|Any CPU
		{040577BC-BCC3-4CBE-BCA0-027B453FD0F5}.Debug|Mixed Platforms.Build.0 = Debug|Any CPU
		{040577BC-BCC3-4CBE-BCA0-027B453FD0F5}.Debug|x86.ActiveCfg = Debug|Any CPU
		{040577BC-BCC3-4CBE-BCA0-027B453FD0F5}.Debug|x86.Build.0 = Debug|Any CPU
		{040577BC-BCC3-4CBE-BCA0-027B453FD0F5}.DVD-5|Any CPU.ActiveCfg = Debug|Any CPU
		{040577BC-BCC3-4CBE-BCA0-027B453FD0F5}.DVD-5|Any CPU.Build.0 = Debug|Any CPU
		{040577BC-BCC3-4CBE-BCA0-027B453FD0F5}.DVD-5|Mixed Platforms.ActiveCfg = Debug|Any CPU
		{040577BC-BCC3-4CBE-BCA0-027B453FD0F5}.DVD-5|Mixed Platforms.Build.0 = Debug|Any CPU
		{040577BC-BCC3-4CBE-BCA0-027B453FD0F5}.DVD-5|x86.ActiveCfg = Debug|Any CPU
		{040577BC-BCC3-4CBE-BCA0-027B453FD0F5}.DVD-5|x86.Build.0 = Debug|Any CPU
		{040577BC-BCC3-4CBE-BCA0-027B453FD0F5}.Release|Any CPU.ActiveCfg = Release|Any CPU
		{040577BC-BCC3-4CBE-BCA0-027B453FD0F5}.Release|Any CPU.Build.0 = Release|Any CPU
		{040577BC-BCC3-4CBE-BCA0-027B453FD0F5}.Release|Mixed Platforms.ActiveCfg = Release|Any CPU
		{040577BC-BCC3-4CBE-BCA0-027B453FD0F5}.Release|Mixed Platforms.Build.0 = Release|Any CPU
		{040577BC-BCC3-4CBE-BCA0-027B453FD0F5}.Release|x86.ActiveCfg = Release|Any CPU
		{040577BC-BCC3-4CBE-BCA0-027B453FD0F5}.Release|x86.Build.0 = Release|Any CPU
		{040577BC-BCC3-4CBE-BCA0-027B453FD0F5}.SingleImage|Any CPU.ActiveCfg = Release|Any CPU
		{040577BC-BCC3-4CBE-BCA0-027B453FD0F5}.SingleImage|Any CPU.Build.0 = Release|Any CPU
		{040577BC-BCC3-4CBE-BCA0-027B453FD0F5}.SingleImage|Mixed Platforms.ActiveCfg = Release|Any CPU
		{040577BC-BCC3-4CBE-BCA0-027B453FD0F5}.SingleImage|Mixed Platforms.Build.0 = Release|Any CPU
		{040577BC-BCC3-4CBE-BCA0-027B453FD0F5}.SingleImage|x86.ActiveCfg = Release|Any CPU
		{040577BC-BCC3-4CBE-BCA0-027B453FD0F5}.SingleImage|x86.Build.0 = Release|Any CPU
		{F152C362-B64D-4FEA-B696-D1E9517B8D71}.CD_ROM|Any CPU.ActiveCfg = Release|Any CPU
		{F152C362-B64D-4FEA-B696-D1E9517B8D71}.CD_ROM|Any CPU.Build.0 = Release|Any CPU
		{F152C362-B64D-4FEA-B696-D1E9517B8D71}.CD_ROM|Mixed Platforms.ActiveCfg = Release|Any CPU
		{F152C362-B64D-4FEA-B696-D1E9517B8D71}.CD_ROM|Mixed Platforms.Build.0 = Release|Any CPU
		{F152C362-B64D-4FEA-B696-D1E9517B8D71}.CD_ROM|x86.ActiveCfg = Release|Any CPU
		{F152C362-B64D-4FEA-B696-D1E9517B8D71}.CD_ROM|x86.Build.0 = Release|Any CPU
		{F152C362-B64D-4FEA-B696-D1E9517B8D71}.Debug|Any CPU.ActiveCfg = Debug|Any CPU
		{F152C362-B64D-4FEA-B696-D1E9517B8D71}.Debug|Any CPU.Build.0 = Debug|Any CPU
		{F152C362-B64D-4FEA-B696-D1E9517B8D71}.Debug|Mixed Platforms.ActiveCfg = Debug|Any CPU
		{F152C362-B64D-4FEA-B696-D1E9517B8D71}.Debug|Mixed Platforms.Build.0 = Debug|Any CPU
		{F152C362-B64D-4FEA-B696-D1E9517B8D71}.Debug|x86.ActiveCfg = Debug|Any CPU
		{F152C362-B64D-4FEA-B696-D1E9517B8D71}.Debug|x86.Build.0 = Debug|Any CPU
		{F152C362-B64D-4FEA-B696-D1E9517B8D71}.DVD-5|Any CPU.ActiveCfg = Debug|Any CPU
		{F152C362-B64D-4FEA-B696-D1E9517B8D71}.DVD-5|Any CPU.Build.0 = Debug|Any CPU
		{F152C362-B64D-4FEA-B696-D1E9517B8D71}.DVD-5|Mixed Platforms.ActiveCfg = Debug|Any CPU
		{F152C362-B64D-4FEA-B696-D1E9517B8D71}.DVD-5|Mixed Platforms.Build.0 = Debug|Any CPU
		{F152C362-B64D-4FEA-B696-D1E9517B8D71}.DVD-5|x86.ActiveCfg = Debug|Any CPU
		{F152C362-B64D-4FEA-B696-D1E9517B8D71}.DVD-5|x86.Build.0 = Debug|Any CPU
		{F152C362-B64D-4FEA-B696-D1E9517B8D71}.Release|Any CPU.ActiveCfg = Release|Any CPU
		{F152C362-B64D-4FEA-B696-D1E9517B8D71}.Release|Any CPU.Build.0 = Release|Any CPU
		{F152C362-B64D-4FEA-B696-D1E9517B8D71}.Release|Mixed Platforms.ActiveCfg = Release|Any CPU
		{F152C362-B64D-4FEA-B696-D1E9517B8D71}.Release|Mixed Platforms.Build.0 = Release|Any CPU
		{F152C362-B64D-4FEA-B696-D1E9517B8D71}.Release|x86.ActiveCfg = Release|Any CPU
		{F152C362-B64D-4FEA-B696-D1E9517B8D71}.Release|x86.Build.0 = Release|Any CPU
		{F152C362-B64D-4FEA-B696-D1E9517B8D71}.SingleImage|Any CPU.ActiveCfg = Release|Any CPU
		{F152C362-B64D-4FEA-B696-D1E9517B8D71}.SingleImage|Any CPU.Build.0 = Release|Any CPU
		{F152C362-B64D-4FEA-B696-D1E9517B8D71}.SingleImage|Mixed Platforms.ActiveCfg = Release|Any CPU
		{F152C362-B64D-4FEA-B696-D1E9517B8D71}.SingleImage|Mixed Platforms.Build.0 = Release|Any CPU
		{F152C362-B64D-4FEA-B696-D1E9517B8D71}.SingleImage|x86.ActiveCfg = Release|Any CPU
		{F152C362-B64D-4FEA-B696-D1E9517B8D71}.SingleImage|x86.Build.0 = Release|Any CPU
	EndGlobalSection
	GlobalSection(SolutionProperties) = preSolution
		HideSolutionNode = FALSE
	EndGlobalSection
	GlobalSection(NestedProjects) = preSolution
		{8A816C59-243E-4E50-BFB6-7F611B886326} = {751F2C05-ACFC-4C50-A602-378EA434E68B}
		{CFA5403F-39A1-4CE2-A8A1-360CC7F3B9A0} = {751F2C05-ACFC-4C50-A602-378EA434E68B}
		{71B8AF7A-A025-4282-9805-D72820361DF6} = {751F2C05-ACFC-4C50-A602-378EA434E68B}
		{040577BC-BCC3-4CBE-BCA0-027B453FD0F5} = {751F2C05-ACFC-4C50-A602-378EA434E68B}
		{F152C362-B64D-4FEA-B696-D1E9517B8D71} = {751F2C05-ACFC-4C50-A602-378EA434E68B}
	EndGlobalSection
	GlobalSection(ExtensibilityGlobals) = postSolution
		SolutionGuid = {60FB4AA2-95F1-43B5-A0A4-E85C07FA6291}
	EndGlobalSection
EndGlobal
